
Microsoft Visual Studio Solution File, Format Version 12.00
# Visual Studio Version 17
VisualStudioVersion = 17.5.002.0
MinimumVisualStudioVersion = 10.0.40219.1
Project("{9A19103F-16F7-4668-BE54-9A1E7A4F7556}") = "BranchesAndLoops", "BranchesAndLoops.csproj", "{90FEF16C-66BE-4908-9CB3-7FF5F97598CF}"
EndProject
Global
	GlobalSection(SolutionConfigurationPlatforms) = preSolution
		Debug|Any CPU = Debug|Any CPU
		Release|Any CPU = Release|Any CPU
	EndGlobalSection
	GlobalSection(ProjectConfigurationPlatforms) = postSolution
		{90FEF16C-66BE-4908-9CB3-7FF5F97598CF}.Debug|Any CPU.ActiveCfg = Debug|Any CPU
		{90FEF16C-66BE-4908-9CB3-7FF5F97598CF}.Debug|Any CPU.Build.0 = Debug|Any CPU
		{90FEF16C-66BE-4908-9CB3-7FF5F97598CF}.Release|Any CPU.ActiveCfg = Release|Any CPU
		{90FEF16C-66BE-4908-9CB3-7FF5F97598CF}.Release|Any CPU.Build.0 = Release|Any CPU
	EndGlobalSection
	GlobalSection(SolutionProperties) = preSolution
		HideSolutionNode = FALSE
	EndGlobalSection
	GlobalSection(ExtensibilityGlobals) = postSolution
		SolutionGuid = {203DDE29-BD03-4C08-975A-DB507B4F0908}
	EndGlobalSection
EndGlobal
